<?xml version="1.0" encoding="utf-8"?>
<Project ToolsVersion="4.0" xmlns="http://schemas.microsoft.com/developer/msbuild/2003">
  <ItemGroup>
    <Filter Include="Source Files">
      <UniqueIdentifier>{4FC737F1-C7A5-4376-A066-2A32D752A2FF}</UniqueIdentifier>
      <Extensions>cpp;c;cc;cxx;c++;cppm;ixx;def;odl;idl;hpj;bat;asm;asmx</Extensions>
    </Filter>
    <Filter Include="Header Files">
      <UniqueIdentifier>{93995380-89BD-4b04-88EB-625FBE52EBFB}</UniqueIdentifier>
      <Extensions>h;hh;hpp;hxx;h++;hm;inl;inc;ipp;xsd</Extensions>
    </Filter>
    <Filter Include="Resource Files">
      <UniqueIdentifier>{67DA6AB6-F800-4c08-8B7A-83BB121AAD01}</UniqueIdentifier>
      <Extensions>rc;ico;cur;bmp;dlg;rc2;rct;bin;rgs;gif;jpg;jpeg;jpe;resx;tiff;tif;png;wav;mfcribbon-ms</Extensions>
    </Filter>
  </ItemGroup>
  <ItemGroup>
    <ClCompile Include="Arrays.cpp">
      <Filter>Source Files</Filter>
    </ClCompile>
    <ClCompile Include="MinStepsInfiniteGrid.cpp">
      <Filter>Source Files</Filter>
    </ClCompile>
    <ClCompile Include="MinNumOfLights.cpp">
      <Filter>Source Files</Filter>
    </ClCompile>
    <ClCompile Include="PickFromBothSides.cpp">
      <Filter>Source Files</Filter>
    </ClCompile>
    <ClCompile Include="SortArrayWithSquares.cpp">
      <Filter>Source Files</Filter>
    </ClCompile>
    <ClCompile Include="BottomUpMergeSort.cpp">
      <Filter>Source Files</Filter>
    </ClCompile>
    <ClCompile Include="PerfectPeak.cpp">
      <Filter>Source Files</Filter>
    </ClCompile>
    <ClCompile Include="HotelBooking.cpp">
      <Filter>Source Files</Filter>
    </ClCompile>
    <ClCompile Include="BalanceArray.cpp">
      <Filter>Source Files</Filter>
    </ClCompile>
    <ClCompile Include="MaxAreaOfTriangle.cpp">
      <Filter>Source Files</Filter>
    </ClCompile>
    <ClCompile Include="PascalTriangle.cpp">
      <Filter>Source Files</Filter>
    </ClCompile>
    <ClCompile Include="SetMatrixZero.cpp">
      <Filter>Source Files</Filter>
    </ClCompile>
    <ClCompile Include="RepeatAndMissingNumber.cpp">
      <Filter>Source Files</Filter>
    </ClCompile>
  </ItemGroup>
  <ItemGroup>
    <ClInclude Include="MinStepsInfiniteGrid.h">
      <Filter>Source Files</Filter>
    </ClInclude>
    <ClInclude Include="MinNumOfLights.h">
      <Filter>Source Files</Filter>
    </ClInclude>
    <ClInclude Include="PickFromBothSides.h">
      <Filter>Source Files</Filter>
    </ClInclude>
    <ClInclude Include="SortArrayWithSquares.h">
      <Filter>Source Files</Filter>
    </ClInclude>
    <ClInclude Include="BottomUpMergeSort.h">
      <Filter>Source Files</Filter>
    </ClInclude>
    <ClInclude Include="PerfectPeak.h">
      <Filter>Source Files</Filter>
    </ClInclude>
    <ClInclude Include="HotelBooking.h">
      <Filter>Source Files</Filter>
    </ClInclude>
    <ClInclude Include="BalanceArray.h">
      <Filter>Source Files</Filter>
    </ClInclude>
    <ClInclude Include="MaxAreaOfTriangle.h">
      <Filter>Source Files</Filter>
    </ClInclude>
    <ClInclude Include="PascalTriangle.h">
      <Filter>Source Files</Filter>
    </ClInclude>
    <ClInclude Include="SetMatrixZero.h">
      <Filter>Source Files</Filter>
    </ClInclude>
    <ClInclude Include="RepeatAndMissingNumber.h">
      <Filter>Source Files</Filter>
    </ClInclude>
  </ItemGroup>
</Project>